
Microsoft Visual Studio Solution File, Format Version 12.00
# Visual Studio 2012
Project("{8BC9CEB8-8B4A-11D0-8D11-00A0C91BC942}") = "XmlEditor", "XmlEditor.vcxproj", "{BC9EE9DC-F3A0-3A9B-925F-DFCB3D5C62DD}"
EndProject
Global
	GlobalSection(SolutionConfigurationPlatforms) = preSolution
		Debug|Win32 = Debug|Win32
		Release|Win32 = Release|Win32
	EndGlobalSection
	GlobalSection(ProjectConfigurationPlatforms) = postSolution
		{BC9EE9DC-F3A0-3A9B-925F-DFCB3D5C62DD}.Debug|Win32.ActiveCfg = Debug|Win32
		{BC9EE9DC-F3A0-3A9B-925F-DFCB3D5C62DD}.Debug|Win32.Build.0 = Debug|Win32
		{BC9EE9DC-F3A0-3A9B-925F-DFCB3D5C62DD}.Release|Win32.ActiveCfg = Release|Win32
		{BC9EE9DC-F3A0-3A9B-925F-DFCB3D5C62DD}.Release|Win32.Build.0 = Release|Win32
	EndGlobalSection
	GlobalSection(SolutionProperties) = preSolution
		HideSolutionNode = FALSE
	EndGlobalSection
EndGlobal
